{
  "name": "asp.net",
  "version": "1.0.0",
  "lockfileVersion": 1,
  "requires": true,
  "dependencies": {
    "payform": {
      "version": "1.4.0",
      "resolved": "https://registry.npmjs.org/payform/-/payform-1.4.0.tgz",
      "integrity": "sha512-RJmaN9kgagImufD8iP6so8F2oUZwRduUdSPcG6Xbh8zu3roOCYmctFEGUH/a/nGNd97npetXEYXJIChN1gYhig=="
    }
  }
}
